// !$*UTF8*$!
{
	archiveVersion = 1;
	classes = {
	};
	objectVersion = 56;
	objects = {

/* Begin PBXBuildFile section */
		6967E4702C861FF800E5C57D /* Utilities.metal in Sources */ = {isa = PBXBuildFile; fileRef = 6967E46F2C861FF800E5C57D /* Utilities.metal */; };
		6967E4742C862EC700E5C57D /* Physics.metal in Sources */ = {isa = PBXBuildFile; fileRef = 6967E4732C862EC700E5C57D /* Physics.metal */; };
		6986092C2C74DB2800CD3B0F /* GeodesicGazeApp.swift in Sources */ = {isa = PBXBuildFile; fileRef = 6986092B2C74DB2800CD3B0F /* GeodesicGazeApp.swift */; };
		6986092E2C74DB2800CD3B0F /* ContentView.swift in Sources */ = {isa = PBXBuildFile; fileRef = 6986092D2C74DB2800CD3B0F /* ContentView.swift */; };
		698609302C74DB2A00CD3B0F /* Assets.xcassets in Resources */ = {isa = PBXBuildFile; fileRef = 6986092F2C74DB2A00CD3B0F /* Assets.xcassets */; };
		698609332C74DB2A00CD3B0F /* Preview Assets.xcassets in Resources */ = {isa = PBXBuildFile; fileRef = 698609322C74DB2A00CD3B0F /* Preview Assets.xcassets */; };
		6986093E2C74DBB200CD3B0F /* BhiMixer.swift in Sources */ = {isa = PBXBuildFile; fileRef = 698609392C74DBB200CD3B0F /* BhiMixer.swift */; };
		6986093F2C74DBB200CD3B0F /* MultiCamCapture.swift in Sources */ = {isa = PBXBuildFile; fileRef = 6986093A2C74DBB200CD3B0F /* MultiCamCapture.swift */; };
		698609402C74DBB200CD3B0F /* Shaders.metal in Sources */ = {isa = PBXBuildFile; fileRef = 6986093B2C74DBB200CD3B0F /* Shaders.metal */; };
		698609412C74DBB200CD3B0F /* MultiCamView.swift in Sources */ = {isa = PBXBuildFile; fileRef = 6986093C2C74DBB200CD3B0F /* MultiCamView.swift */; };
		698609422C74DBB200CD3B0F /* MathFunctions.metal in Sources */ = {isa = PBXBuildFile; fileRef = 6986093D2C74DBB200CD3B0F /* MathFunctions.metal */; };
		69BF16822C74DE100008D537 /* README.md in Resources */ = {isa = PBXBuildFile; fileRef = 69BF16812C74DE100008D537 /* README.md */; };
		69F7B4432C85419B00057475 /* GeodesicGazeTests.swift in Sources */ = {isa = PBXBuildFile; fileRef = 69F7B4422C85419B00057475 /* GeodesicGazeTests.swift */; };
		69F7B44A2C8547B600057475 /* ComputeKernels.metal in Sources */ = {isa = PBXBuildFile; fileRef = 69F7B4492C8547B600057475 /* ComputeKernels.metal */; };
		69F7B44C2C85576000057475 /* expected_results.txt in Resources */ = {isa = PBXBuildFile; fileRef = 69F7B44B2C85576000057475 /* expected_results.txt */; };
		69F7B44D2C85576000057475 /* expected_results.txt in Resources */ = {isa = PBXBuildFile; fileRef = 69F7B44B2C85576000057475 /* expected_results.txt */; };
/* End PBXBuildFile section */

/* Begin PBXContainerItemProxy section */
		69F7B4442C85419B00057475 /* PBXContainerItemProxy */ = {
			isa = PBXContainerItemProxy;
			containerPortal = 698609202C74DB2800CD3B0F /* Project object */;
			proxyType = 1;
			remoteGlobalIDString = 698609272C74DB2800CD3B0F;
			remoteInfo = GeodesicGaze;
		};
/* End PBXContainerItemProxy section */

/* Begin PBXFileReference section */
		6967E46E2C861FC200E5C57D /* Utilities.h */ = {isa = PBXFileReference; lastKnownFileType = sourcecode.c.h; path = Utilities.h; sourceTree = "<group>"; };
		6967E46F2C861FF800E5C57D /* Utilities.metal */ = {isa = PBXFileReference; lastKnownFileType = sourcecode.metal; path = Utilities.metal; sourceTree = "<group>"; };
		6967E4722C862EB300E5C57D /* Physics.h */ = {isa = PBXFileReference; lastKnownFileType = sourcecode.c.h; path = Physics.h; sourceTree = "<group>"; };
		6967E4732C862EC700E5C57D /* Physics.metal */ = {isa = PBXFileReference; lastKnownFileType = sourcecode.metal; path = Physics.metal; sourceTree = "<group>"; };
		698609282C74DB2800CD3B0F /* GeodesicGaze.app */ = {isa = PBXFileReference; explicitFileType = wrapper.application; includeInIndex = 0; path = GeodesicGaze.app; sourceTree = BUILT_PRODUCTS_DIR; };
		6986092B2C74DB2800CD3B0F /* GeodesicGazeApp.swift */ = {isa = PBXFileReference; lastKnownFileType = sourcecode.swift; path = GeodesicGazeApp.swift; sourceTree = "<group>"; };
		6986092D2C74DB2800CD3B0F /* ContentView.swift */ = {isa = PBXFileReference; lastKnownFileType = sourcecode.swift; path = ContentView.swift; sourceTree = "<group>"; };
		6986092F2C74DB2A00CD3B0F /* Assets.xcassets */ = {isa = PBXFileReference; lastKnownFileType = folder.assetcatalog; path = Assets.xcassets; sourceTree = "<group>"; };
		698609322C74DB2A00CD3B0F /* Preview Assets.xcassets */ = {isa = PBXFileReference; lastKnownFileType = folder.assetcatalog; path = "Preview Assets.xcassets"; sourceTree = "<group>"; };
		698609392C74DBB200CD3B0F /* BhiMixer.swift */ = {isa = PBXFileReference; fileEncoding = 4; lastKnownFileType = sourcecode.swift; path = BhiMixer.swift; sourceTree = "<group>"; };
		6986093A2C74DBB200CD3B0F /* MultiCamCapture.swift */ = {isa = PBXFileReference; fileEncoding = 4; lastKnownFileType = sourcecode.swift; path = MultiCamCapture.swift; sourceTree = "<group>"; };
		6986093B2C74DBB200CD3B0F /* Shaders.metal */ = {isa = PBXFileReference; fileEncoding = 4; lastKnownFileType = sourcecode.metal; path = Shaders.metal; sourceTree = "<group>"; };
		6986093C2C74DBB200CD3B0F /* MultiCamView.swift */ = {isa = PBXFileReference; fileEncoding = 4; lastKnownFileType = sourcecode.swift; path = MultiCamView.swift; sourceTree = "<group>"; };
		6986093D2C74DBB200CD3B0F /* MathFunctions.metal */ = {isa = PBXFileReference; fileEncoding = 4; lastKnownFileType = sourcecode.metal; path = MathFunctions.metal; sourceTree = "<group>"; };
		69BF16812C74DE100008D537 /* README.md */ = {isa = PBXFileReference; lastKnownFileType = net.daringfireball.markdown; path = README.md; sourceTree = "<group>"; };
		69F7B4402C85419B00057475 /* GeodesicGazeTests.xctest */ = {isa = PBXFileReference; explicitFileType = wrapper.cfbundle; includeInIndex = 0; path = GeodesicGazeTests.xctest; sourceTree = BUILT_PRODUCTS_DIR; };
		69F7B4422C85419B00057475 /* GeodesicGazeTests.swift */ = {isa = PBXFileReference; lastKnownFileType = sourcecode.swift; path = GeodesicGazeTests.swift; sourceTree = "<group>"; };
		69F7B4492C8547B600057475 /* ComputeKernels.metal */ = {isa = PBXFileReference; lastKnownFileType = sourcecode.metal; path = ComputeKernels.metal; sourceTree = "<group>"; };
		69F7B44B2C85576000057475 /* expected_results.txt */ = {isa = PBXFileReference; fileEncoding = 4; lastKnownFileType = text; path = expected_results.txt; sourceTree = "<group>"; };
		69F7B44E2C855ADC00057475 /* MathFunctions.h */ = {isa = PBXFileReference; lastKnownFileType = sourcecode.c.h; path = MathFunctions.h; sourceTree = "<group>"; };
/* End PBXFileReference section */

/* Begin PBXFrameworksBuildPhase section */
		698609252C74DB2800CD3B0F /* Frameworks */ = {
			isa = PBXFrameworksBuildPhase;
			buildActionMask = 2147483647;
			files = (
			);
			runOnlyForDeploymentPostprocessing = 0;
		};
		69F7B43D2C85419B00057475 /* Frameworks */ = {
			isa = PBXFrameworksBuildPhase;
			buildActionMask = 2147483647;
			files = (
			);
			runOnlyForDeploymentPostprocessing = 0;
		};
/* End PBXFrameworksBuildPhase section */

/* Begin PBXGroup section */
		6986091F2C74DB2800CD3B0F = {
			isa = PBXGroup;
			children = (
				69BF16812C74DE100008D537 /* README.md */,
				6986092A2C74DB2800CD3B0F /* GeodesicGaze */,
				69F7B4412C85419B00057475 /* GeodesicGazeTests */,
				698609292C74DB2800CD3B0F /* Products */,
			);
			sourceTree = "<group>";
		};
		698609292C74DB2800CD3B0F /* Products */ = {
			isa = PBXGroup;
			children = (
				698609282C74DB2800CD3B0F /* GeodesicGaze.app */,
				69F7B4402C85419B00057475 /* GeodesicGazeTests.xctest */,
			);
			name = Products;
			sourceTree = "<group>";
		};
		6986092A2C74DB2800CD3B0F /* GeodesicGaze */ = {
			isa = PBXGroup;
			children = (
				69F7B44B2C85576000057475 /* expected_results.txt */,
				698609392C74DBB200CD3B0F /* BhiMixer.swift */,
				6986093D2C74DBB200CD3B0F /* MathFunctions.metal */,
				6986093A2C74DBB200CD3B0F /* MultiCamCapture.swift */,
				6986093C2C74DBB200CD3B0F /* MultiCamView.swift */,
				6986093B2C74DBB200CD3B0F /* Shaders.metal */,
				6967E4722C862EB300E5C57D /* Physics.h */,
				6967E4732C862EC700E5C57D /* Physics.metal */,
				6967E46E2C861FC200E5C57D /* Utilities.h */,
				6967E46F2C861FF800E5C57D /* Utilities.metal */,
				69F7B4492C8547B600057475 /* ComputeKernels.metal */,
				69F7B44E2C855ADC00057475 /* MathFunctions.h */,
				6986092B2C74DB2800CD3B0F /* GeodesicGazeApp.swift */,
				6986092D2C74DB2800CD3B0F /* ContentView.swift */,
				6986092F2C74DB2A00CD3B0F /* Assets.xcassets */,
				698609312C74DB2A00CD3B0F /* Preview Content */,
			);
			path = GeodesicGaze;
			sourceTree = "<group>";
		};
		698609312C74DB2A00CD3B0F /* Preview Content */ = {
			isa = PBXGroup;
			children = (
				698609322C74DB2A00CD3B0F /* Preview Assets.xcassets */,
			);
			path = "Preview Content";
			sourceTree = "<group>";
		};
		69F7B4412C85419B00057475 /* GeodesicGazeTests */ = {
			isa = PBXGroup;
			children = (
				69F7B4422C85419B00057475 /* GeodesicGazeTests.swift */,
			);
			path = GeodesicGazeTests;
			sourceTree = "<group>";
		};
/* End PBXGroup section */

/* Begin PBXNativeTarget section */
		698609272C74DB2800CD3B0F /* GeodesicGaze */ = {
			isa = PBXNativeTarget;
			buildConfigurationList = 698609362C74DB2A00CD3B0F /* Build configuration list for PBXNativeTarget "GeodesicGaze" */;
			buildPhases = (
				698609242C74DB2800CD3B0F /* Sources */,
				698609252C74DB2800CD3B0F /* Frameworks */,
				698609262C74DB2800CD3B0F /* Resources */,
			);
			buildRules = (
			);
			dependencies = (
			);
			name = GeodesicGaze;
			productName = GeodesicGaze;
			productReference = 698609282C74DB2800CD3B0F /* GeodesicGaze.app */;
			productType = "com.apple.product-type.application";
		};
		69F7B43F2C85419B00057475 /* GeodesicGazeTests */ = {
			isa = PBXNativeTarget;
			buildConfigurationList = 69F7B4482C85419B00057475 /* Build configuration list for PBXNativeTarget "GeodesicGazeTests" */;
			buildPhases = (
				69F7B43C2C85419B00057475 /* Sources */,
				69F7B43D2C85419B00057475 /* Frameworks */,
				69F7B43E2C85419B00057475 /* Resources */,
			);
			buildRules = (
			);
			dependencies = (
				69F7B4452C85419B00057475 /* PBXTargetDependency */,
			);
			name = GeodesicGazeTests;
			productName = GeodesicGazeTests;
			productReference = 69F7B4402C85419B00057475 /* GeodesicGazeTests.xctest */;
			productType = "com.apple.product-type.bundle.unit-test";
		};
/* End PBXNativeTarget section */

/* Begin PBXProject section */
		698609202C74DB2800CD3B0F /* Project object */ = {
			isa = PBXProject;
			attributes = {
				BuildIndependentTargetsInParallel = 1;
				LastSwiftUpdateCheck = 1540;
				LastUpgradeCheck = 1540;
				TargetAttributes = {
					698609272C74DB2800CD3B0F = {
						CreatedOnToolsVersion = 15.4;
					};
					69F7B43F2C85419B00057475 = {
						CreatedOnToolsVersion = 15.4;
						TestTargetID = 698609272C74DB2800CD3B0F;
					};
				};
			};
			buildConfigurationList = 698609232C74DB2800CD3B0F /* Build configuration list for PBXProject "GeodesicGaze" */;
			compatibilityVersion = "Xcode 14.0";
			developmentRegion = en;
			hasScannedForEncodings = 0;
			knownRegions = (
				en,
				Base,
			);
			mainGroup = 6986091F2C74DB2800CD3B0F;
			productRefGroup = 698609292C74DB2800CD3B0F /* Products */;
			projectDirPath = "";
			projectRoot = "";
			targets = (
				698609272C74DB2800CD3B0F /* GeodesicGaze */,
				69F7B43F2C85419B00057475 /* GeodesicGazeTests */,
			);
		};
/* End PBXProject section */

/* Begin PBXResourcesBuildPhase section */
		698609262C74DB2800CD3B0F /* Resources */ = {
			isa = PBXResourcesBuildPhase;
			buildActionMask = 2147483647;
			files = (
				69BF16822C74DE100008D537 /* README.md in Resources */,
				69F7B44C2C85576000057475 /* expected_results.txt in Resources */,
				698609332C74DB2A00CD3B0F /* Preview Assets.xcassets in Resources */,
				698609302C74DB2A00CD3B0F /* Assets.xcassets in Resources */,
			);
			runOnlyForDeploymentPostprocessing = 0;
		};
		69F7B43E2C85419B00057475 /* Resources */ = {
			isa = PBXResourcesBuildPhase;
			buildActionMask = 2147483647;
			files = (
				69F7B44D2C85576000057475 /* expected_results.txt in Resources */,
			);
			runOnlyForDeploymentPostprocessing = 0;
		};
/* End PBXResourcesBuildPhase section */

/* Begin PBXSourcesBuildPhase section */
		698609242C74DB2800CD3B0F /* Sources */ = {
			isa = PBXSourcesBuildPhase;
			buildActionMask = 2147483647;
			files = (
				6986093F2C74DBB200CD3B0F /* MultiCamCapture.swift in Sources */,
				6986092E2C74DB2800CD3B0F /* ContentView.swift in Sources */,
				698609412C74DBB200CD3B0F /* MultiCamView.swift in Sources */,
				6986093E2C74DBB200CD3B0F /* BhiMixer.swift in Sources */,
				6986092C2C74DB2800CD3B0F /* GeodesicGazeApp.swift in Sources */,
				6967E4742C862EC700E5C57D /* Physics.metal in Sources */,
				698609402C74DBB200CD3B0F /* Shaders.metal in Sources */,
				6967E4702C861FF800E5C57D /* Utilities.metal in Sources */,
				69F7B44A2C8547B600057475 /* ComputeKernels.metal in Sources */,
				698609422C74DBB200CD3B0F /* MathFunctions.metal in Sources */,
			);
			runOnlyForDeploymentPostprocessing = 0;
		};
		69F7B43C2C85419B00057475 /* Sources */ = {
			isa = PBXSourcesBuildPhase;
			buildActionMask = 2147483647;
			files = (
				69F7B4432C85419B00057475 /* GeodesicGazeTests.swift in Sources */,
			);
			runOnlyForDeploymentPostprocessing = 0;
		};
/* End PBXSourcesBuildPhase section */

/* Begin PBXTargetDependency section */
		69F7B4452C85419B00057475 /* PBXTargetDependency */ = {
			isa = PBXTargetDependency;
			target = 698609272C74DB2800CD3B0F /* GeodesicGaze */;
			targetProxy = 69F7B4442C85419B00057475 /* PBXContainerItemProxy */;
		};
/* End PBXTargetDependency section */

/* Begin XCBuildConfiguration section */
		698609342C74DB2A00CD3B0F /* Debug */ = {
			isa = XCBuildConfiguration;
			buildSettings = {
				ALWAYS_SEARCH_USER_PATHS = NO;
				ASSETCATALOG_COMPILER_GENERATE_SWIFT_ASSET_SYMBOL_EXTENSIONS = YES;
				CLANG_ANALYZER_NONNULL = YES;
				CLANG_ANALYZER_NUMBER_OBJECT_CONVERSION = YES_AGGRESSIVE;
				CLANG_CXX_LANGUAGE_STANDARD = "gnu++20";
				CLANG_ENABLE_MODULES = YES;
				CLANG_ENABLE_OBJC_ARC = YES;
				CLANG_ENABLE_OBJC_WEAK = YES;
				CLANG_WARN_BLOCK_CAPTURE_AUTORELEASING = YES;
				CLANG_WARN_BOOL_CONVERSION = YES;
				CLANG_WARN_COMMA = YES;
				CLANG_WARN_CONSTANT_CONVERSION = YES;
				CLANG_WARN_DEPRECATED_OBJC_IMPLEMENTATIONS = YES;
				CLANG_WARN_DIRECT_OBJC_ISA_USAGE = YES_ERROR;
				CLANG_WARN_DOCUMENTATION_COMMENTS = YES;
				CLANG_WARN_EMPTY_BODY = YES;
				CLANG_WARN_ENUM_CONVERSION = YES;
				CLANG_WARN_INFINITE_RECURSION = YES;
				CLANG_WARN_INT_CONVERSION = YES;
				CLANG_WARN_NON_LITERAL_NULL_CONVERSION = YES;
				CLANG_WARN_OBJC_IMPLICIT_RETAIN_SELF = YES;
				CLANG_WARN_OBJC_LITERAL_CONVERSION = YES;
				CLANG_WARN_OBJC_ROOT_CLASS = YES_ERROR;
				CLANG_WARN_QUOTED_INCLUDE_IN_FRAMEWORK_HEADER = YES;
				CLANG_WARN_RANGE_LOOP_ANALYSIS = YES;
				CLANG_WARN_STRICT_PROTOTYPES = YES;
				CLANG_WARN_SUSPICIOUS_MOVE = YES;
				CLANG_WARN_UNGUARDED_AVAILABILITY = YES_AGGRESSIVE;
				CLANG_WARN_UNREACHABLE_CODE = YES;
				CLANG_WARN__DUPLICATE_METHOD_MATCH = YES;
				COPY_PHASE_STRIP = NO;
				DEBUG_INFORMATION_FORMAT = dwarf;
				ENABLE_STRICT_OBJC_MSGSEND = YES;
				ENABLE_TESTABILITY = YES;
				ENABLE_USER_SCRIPT_SANDBOXING = YES;
				GCC_C_LANGUAGE_STANDARD = gnu17;
				GCC_DYNAMIC_NO_PIC = NO;
				GCC_NO_COMMON_BLOCKS = YES;
				GCC_OPTIMIZATION_LEVEL = 0;
				GCC_PREPROCESSOR_DEFINITIONS = (
					"DEBUG=1",
					"$(inherited)",
				);
				GCC_WARN_64_TO_32_BIT_CONVERSION = YES;
				GCC_WARN_ABOUT_RETURN_TYPE = YES_ERROR;
				GCC_WARN_UNDECLARED_SELECTOR = YES;
				GCC_WARN_UNINITIALIZED_AUTOS = YES_AGGRESSIVE;
				GCC_WARN_UNUSED_FUNCTION = YES;
				GCC_WARN_UNUSED_VARIABLE = YES;
				IPHONEOS_DEPLOYMENT_TARGET = 17.5;
				LOCALIZATION_PREFERS_STRING_CATALOGS = YES;
				MTL_ENABLE_DEBUG_INFO = INCLUDE_SOURCE;
				MTL_FAST_MATH = YES;
				ONLY_ACTIVE_ARCH = YES;
				SDKROOT = iphoneos;
				SWIFT_ACTIVE_COMPILATION_CONDITIONS = "DEBUG $(inherited)";
				SWIFT_OPTIMIZATION_LEVEL = "-Onone";
			};
			name = Debug;
		};
		698609352C74DB2A00CD3B0F /* Release */ = {
			isa = XCBuildConfiguration;
			buildSettings = {
				ALWAYS_SEARCH_USER_PATHS = NO;
				ASSETCATALOG_COMPILER_GENERATE_SWIFT_ASSET_SYMBOL_EXTENSIONS = YES;
				CLANG_ANALYZER_NONNULL = YES;
				CLANG_ANALYZER_NUMBER_OBJECT_CONVERSION = YES_AGGRESSIVE;
				CLANG_CXX_LANGUAGE_STANDARD = "gnu++20";
				CLANG_ENABLE_MODULES = YES;
				CLANG_ENABLE_OBJC_ARC = YES;
				CLANG_ENABLE_OBJC_WEAK = YES;
				CLANG_WARN_BLOCK_CAPTURE_AUTORELEASING = YES;
				CLANG_WARN_BOOL_CONVERSION = YES;
				CLANG_WARN_COMMA = YES;
				CLANG_WARN_CONSTANT_CONVERSION = YES;
				CLANG_WARN_DEPRECATED_OBJC_IMPLEMENTATIONS = YES;
				CLANG_WARN_DIRECT_OBJC_ISA_USAGE = YES_ERROR;
				CLANG_WARN_DOCUMENTATION_COMMENTS = YES;
				CLANG_WARN_EMPTY_BODY = YES;
				CLANG_WARN_ENUM_CONVERSION = YES;
				CLANG_WARN_INFINITE_RECURSION = YES;
				CLANG_WARN_INT_CONVERSION = YES;
				CLANG_WARN_NON_LITERAL_NULL_CONVERSION = YES;
				CLANG_WARN_OBJC_IMPLICIT_RETAIN_SELF = YES;
				CLANG_WARN_OBJC_LITERAL_CONVERSION = YES;
				CLANG_WARN_OBJC_ROOT_CLASS = YES_ERROR;
				CLANG_WARN_QUOTED_INCLUDE_IN_FRAMEWORK_HEADER = YES;
				CLANG_WARN_RANGE_LOOP_ANALYSIS = YES;
				CLANG_WARN_STRICT_PROTOTYPES = YES;
				CLANG_WARN_SUSPICIOUS_MOVE = YES;
				CLANG_WARN_UNGUARDED_AVAILABILITY = YES_AGGRESSIVE;
				CLANG_WARN_UNREACHABLE_CODE = YES;
				CLANG_WARN__DUPLICATE_METHOD_MATCH = YES;
				COPY_PHASE_STRIP = NO;
				DEBUG_INFORMATION_FORMAT = "dwarf-with-dsym";
				ENABLE_NS_ASSERTIONS = NO;
				ENABLE_STRICT_OBJC_MSGSEND = YES;
				ENABLE_USER_SCRIPT_SANDBOXING = YES;
				GCC_C_LANGUAGE_STANDARD = gnu17;
				GCC_NO_COMMON_BLOCKS = YES;
				GCC_WARN_64_TO_32_BIT_CONVERSION = YES;
				GCC_WARN_ABOUT_RETURN_TYPE = YES_ERROR;
				GCC_WARN_UNDECLARED_SELECTOR = YES;
				GCC_WARN_UNINITIALIZED_AUTOS = YES_AGGRESSIVE;
				GCC_WARN_UNUSED_FUNCTION = YES;
				GCC_WARN_UNUSED_VARIABLE = YES;
				IPHONEOS_DEPLOYMENT_TARGET = 17.5;
				LOCALIZATION_PREFERS_STRING_CATALOGS = YES;
				MTL_ENABLE_DEBUG_INFO = NO;
				MTL_FAST_MATH = YES;
				SDKROOT = iphoneos;
				SWIFT_COMPILATION_MODE = wholemodule;
				VALIDATE_PRODUCT = YES;
			};
			name = Release;
		};
		698609372C74DB2A00CD3B0F /* Debug */ = {
			isa = XCBuildConfiguration;
			buildSettings = {
				ASSETCATALOG_COMPILER_APPICON_NAME = AppIcon;
				ASSETCATALOG_COMPILER_GLOBAL_ACCENT_COLOR_NAME = AccentColor;
				CODE_SIGN_STYLE = Automatic;
				CURRENT_PROJECT_VERSION = 1;
				DEVELOPMENT_ASSET_PATHS = "\"GeodesicGaze/Preview Content\"";
				DEVELOPMENT_TEAM = 53T58N547N;
				ENABLE_PREVIEWS = YES;
				GENERATE_INFOPLIST_FILE = YES;
				INFOPLIST_KEY_NSCameraUsageDescription = "App requires camera";
				INFOPLIST_KEY_UIApplicationSceneManifest_Generation = YES;
				INFOPLIST_KEY_UIApplicationSupportsIndirectInputEvents = YES;
				INFOPLIST_KEY_UILaunchScreen_Generation = YES;
				INFOPLIST_KEY_UISupportedInterfaceOrientations_iPad = "UIInterfaceOrientationPortrait UIInterfaceOrientationPortraitUpsideDown UIInterfaceOrientationLandscapeLeft UIInterfaceOrientationLandscapeRight";
				INFOPLIST_KEY_UISupportedInterfaceOrientations_iPhone = "UIInterfaceOrientationPortrait UIInterfaceOrientationLandscapeLeft UIInterfaceOrientationLandscapeRight";
				LD_RUNPATH_SEARCH_PATHS = (
					"$(inherited)",
					"@executable_path/Frameworks",
				);
				MARKETING_VERSION = 1.0;
				PRODUCT_BUNDLE_IDENTIFIER = trevor.GeodesicGaze;
				PRODUCT_NAME = "$(TARGET_NAME)";
				SWIFT_EMIT_LOC_STRINGS = YES;
				SWIFT_VERSION = 5.0;
				TARGETED_DEVICE_FAMILY = "1,2";
			};
			name = Debug;
		};
		698609382C74DB2A00CD3B0F /* Release */ = {
			isa = XCBuildConfiguration;
			buildSettings = {
				ASSETCATALOG_COMPILER_APPICON_NAME = AppIcon;
				ASSETCATALOG_COMPILER_GLOBAL_ACCENT_COLOR_NAME = AccentColor;
				CODE_SIGN_STYLE = Automatic;
				CURRENT_PROJECT_VERSION = 1;
				DEVELOPMENT_ASSET_PATHS = "\"GeodesicGaze/Preview Content\"";
				DEVELOPMENT_TEAM = 53T58N547N;
				ENABLE_PREVIEWS = YES;
				GENERATE_INFOPLIST_FILE = YES;
				INFOPLIST_KEY_NSCameraUsageDescription = "App requires camera";
				INFOPLIST_KEY_UIApplicationSceneManifest_Generation = YES;
				INFOPLIST_KEY_UIApplicationSupportsIndirectInputEvents = YES;
				INFOPLIST_KEY_UILaunchScreen_Generation = YES;
				INFOPLIST_KEY_UISupportedInterfaceOrientations_iPad = "UIInterfaceOrientationPortrait UIInterfaceOrientationPortraitUpsideDown UIInterfaceOrientationLandscapeLeft UIInterfaceOrientationLandscapeRight";
				INFOPLIST_KEY_UISupportedInterfaceOrientations_iPhone = "UIInterfaceOrientationPortrait UIInterfaceOrientationLandscapeLeft UIInterfaceOrientationLandscapeRight";
				LD_RUNPATH_SEARCH_PATHS = (
					"$(inherited)",
					"@executable_path/Frameworks",
				);
				MARKETING_VERSION = 1.0;
				PRODUCT_BUNDLE_IDENTIFIER = trevor.GeodesicGaze;
				PRODUCT_NAME = "$(TARGET_NAME)";
				SWIFT_EMIT_LOC_STRINGS = YES;
				SWIFT_VERSION = 5.0;
				TARGETED_DEVICE_FAMILY = "1,2";
			};
			name = Release;
		};
		69F7B4462C85419B00057475 /* Debug */ = {
			isa = XCBuildConfiguration;
			buildSettings = {
				BUNDLE_LOADER = "$(TEST_HOST)";
				CODE_SIGN_STYLE = Automatic;
				CURRENT_PROJECT_VERSION = 1;
				DEVELOPMENT_TEAM = 53T58N547N;
				GENERATE_INFOPLIST_FILE = YES;
				MARKETING_VERSION = 1.0;
				PRODUCT_BUNDLE_IDENTIFIER = trevor.GeodesicGazeTests;
				PRODUCT_NAME = "$(TARGET_NAME)";
				SWIFT_EMIT_LOC_STRINGS = NO;
				SWIFT_VERSION = 5.0;
				TARGETED_DEVICE_FAMILY = "1,2";
				TEST_HOST = "$(BUILT_PRODUCTS_DIR)/GeodesicGaze.app/$(BUNDLE_EXECUTABLE_FOLDER_PATH)/GeodesicGaze";
			};
			name = Debug;
		};
		69F7B4472C85419B00057475 /* Release */ = {
			isa = XCBuildConfiguration;
			buildSettings = {
				BUNDLE_LOADER = "$(TEST_HOST)";
				CODE_SIGN_STYLE = Automatic;
				CURRENT_PROJECT_VERSION = 1;
				DEVELOPMENT_TEAM = 53T58N547N;
				GENERATE_INFOPLIST_FILE = YES;
				MARKETING_VERSION = 1.0;
				PRODUCT_BUNDLE_IDENTIFIER = trevor.GeodesicGazeTests;
				PRODUCT_NAME = "$(TARGET_NAME)";
				SWIFT_EMIT_LOC_STRINGS = NO;
				SWIFT_VERSION = 5.0;
				TARGETED_DEVICE_FAMILY = "1,2";
				TEST_HOST = "$(BUILT_PRODUCTS_DIR)/GeodesicGaze.app/$(BUNDLE_EXECUTABLE_FOLDER_PATH)/GeodesicGaze";
			};
			name = Release;
		};
/* End XCBuildConfiguration section */

/* Begin XCConfigurationList section */
		698609232C74DB2800CD3B0F /* Build configuration list for PBXProject "GeodesicGaze" */ = {
			isa = XCConfigurationList;
			buildConfigurations = (
				698609342C74DB2A00CD3B0F /* Debug */,
				698609352C74DB2A00CD3B0F /* Release */,
			);
			defaultConfigurationIsVisible = 0;
			defaultConfigurationName = Release;
		};
		698609362C74DB2A00CD3B0F /* Build configuration list for PBXNativeTarget "GeodesicGaze" */ = {
			isa = XCConfigurationList;
			buildConfigurations = (
				698609372C74DB2A00CD3B0F /* Debug */,
				698609382C74DB2A00CD3B0F /* Release */,
			);
			defaultConfigurationIsVisible = 0;
			defaultConfigurationName = Release;
		};
		69F7B4482C85419B00057475 /* Build configuration list for PBXNativeTarget "GeodesicGazeTests" */ = {
			isa = XCConfigurationList;
			buildConfigurations = (
				69F7B4462C85419B00057475 /* Debug */,
				69F7B4472C85419B00057475 /* Release */,
			);
			defaultConfigurationIsVisible = 0;
			defaultConfigurationName = Release;
		};
/* End XCConfigurationList section */
	};
	rootObject = 698609202C74DB2800CD3B0F /* Project object */;
}
